<?xml version="1.0" encoding="utf-8"?>
<Project ToolsVersion="4.0" xmlns="http://schemas.microsoft.com/developer/msbuild/2003">
  <ItemGroup>
    <Filter Include="Source Files">
      <UniqueIdentifier>{4FC737F1-C7A5-4376-A066-2A32D752A2FF}</UniqueIdentifier>
      <Extensions>cpp;c;cc;cxx;def;odl;idl;hpj;bat;asm;asmx</Extensions>
    </Filter>
    <Filter Include="Header Files">
      <UniqueIdentifier>{93995380-89BD-4b04-88EB-625FBE52EBFB}</UniqueIdentifier>
      <Extensions>h;hh;hpp;hxx;hm;inl;inc;xsd</Extensions>
    </Filter>
    <Filter Include="Resource Files">
      <UniqueIdentifier>{67DA6AB6-F800-4c08-8B7A-83BB121AAD01}</UniqueIdentifier>
      <Extensions>rc;ico;cur;bmp;dlg;rc2;rct;bin;rgs;gif;jpg;jpeg;jpe;resx;tiff;tif;png;wav;mfcribbon-ms</Extensions>
    </Filter>
  </ItemGroup>
  <ItemGroup>
    <None Include="Wordclock.ino" />
  </ItemGroup>
  <ItemGroup>
    <ClInclude Include="Firmware\Wordclock\Config.hpp">
      <Filter>Header Files</Filter>
    </ClInclude>
    <ClInclude Include="Firmware\Wordclock\DisplayTool.hpp">
      <Filter>Header Files</Filter>
    </ClInclude>
    <ClInclude Include="Firmware\Wordclock\EffectBase.hpp">
      <Filter>Header Files</Filter>
    </ClInclude>
    <ClInclude Include="Firmware\Wordclock\EffectColorBase.hpp">
      <Filter>Header Files</Filter>
    </ClInclude>
    <ClInclude Include="Firmware\Wordclock\EffectColorChangerTime.hpp">
      <Filter>Header Files</Filter>
    </ClInclude>
    <ClInclude Include="Firmware\Wordclock\EffectColorChangerTimer.hpp">
      <Filter>Header Files</Filter>
    </ClInclude>
    <ClInclude Include="Firmware\Wordclock\EffectDefault.hpp">
      <Filter>Header Files</Filter>
    </ClInclude>
    <ClInclude Include="Firmware\Wordclock\EffectFiller.hpp">
      <Filter>Header Files</Filter>
    </ClInclude>
    <ClInclude Include="Firmware\Wordclock\EffectFlyingPixels.hpp">
      <Filter>Header Files</Filter>
    </ClInclude>
    <ClInclude Include="Firmware\Wordclock\EffectGlowing.hpp">
      <Filter>Header Files</Filter>
    </ClInclude>
    <ClInclude Include="Firmware\Wordclock\EffectTimeSlice.hpp">
      <Filter>Header Files</Filter>
    </ClInclude>
    <ClInclude Include="Firmware\Wordclock\EffectWaves.hpp">
      <Filter>Header Files</Filter>
    </ClInclude>
    <ClInclude Include="Firmware\Wordclock\GeneratorBase.hpp">
      <Filter>Header Files</Filter>
    </ClInclude>
    <ClInclude Include="Firmware\Wordclock\GeneratorColorPreset.hpp">
      <Filter>Header Files</Filter>
    </ClInclude>
    <ClInclude Include="Firmware\Wordclock\GeneratorGradient.hpp">
      <Filter>Header Files</Filter>
    </ClInclude>
    <ClInclude Include="Firmware\Wordclock\GeneratorRandom.hpp">
      <Filter>Header Files</Filter>
    </ClInclude>
    <ClInclude Include="Firmware\Wordclock\GeneratorStatic.hpp">
      <Filter>Header Files</Filter>
    </ClInclude>
    <ClInclude Include="Firmware\Wordclock\Languages.hpp">
      <Filter>Header Files</Filter>
    </ClInclude>
    <ClInclude Include="Firmware\Wordclock\Marker.hpp">
      <Filter>Header Files</Filter>
    </ClInclude>
    <ClInclude Include="Firmware\Wordclock\ModeAlarm.hpp">
      <Filter>Header Files</Filter>
    </ClInclude>
    <ClInclude Include="Firmware\Wordclock\ModeBase.hpp">
      <Filter>Header Files</Filter>
    </ClInclude>
    <ClInclude Include="Firmware\Wordclock\ModeBrightness.hpp">
      <Filter>Header Files</Filter>
    </ClInclude>
    <ClInclude Include="Firmware\Wordclock\ModeColorBase.hpp">
      <Filter>Header Files</Filter>
    </ClInclude>
    <ClInclude Include="Firmware\Wordclock\ModeColorPreset.hpp">
      <Filter>Header Files</Filter>
    </ClInclude>
    <ClInclude Include="Firmware\Wordclock\ModeDefault.hpp">
      <Filter>Header Files</Filter>
    </ClInclude>
    <ClInclude Include="Firmware\Wordclock\ModeEffect.hpp">
      <Filter>Header Files</Filter>
    </ClInclude>
    <ClInclude Include="Firmware\Wordclock\ModeHSV.hpp">
      <Filter>Header Files</Filter>
    </ClInclude>
    <ClInclude Include="Firmware\Wordclock\ModeListAlarms.hpp">
      <Filter>Header Files</Filter>
    </ClInclude>
    <ClInclude Include="Firmware\Wordclock\ModeRearrangeColorPreset.hpp">
      <Filter>Header Files</Filter>
    </ClInclude>
    <ClInclude Include="Firmware\Wordclock\ModeRGB.hpp">
      <Filter>Header Files</Filter>
    </ClInclude>
    <ClInclude Include="Firmware\Wordclock\ModeTime.hpp">
      <Filter>Header Files</Filter>
    </ClInclude>
    <ClInclude Include="Firmware\Wordclock\Painter.hpp">
      <Filter>Header Files</Filter>
    </ClInclude>
    <ClInclude Include="Firmware\Wordclock\Utilities.hpp">
      <Filter>Header Files</Filter>
    </ClInclude>
    <ClInclude Include="Firmware\Wordclock\Wordclock.hpp">
      <Filter>Header Files</Filter>
    </ClInclude>
  </ItemGroup>
  <ItemGroup>
    <ClCompile Include="Firmware\Wordclock\DisplayTool.cpp">
      <Filter>Source Files</Filter>
    </ClCompile>
    <ClCompile Include="Firmware\Wordclock\EffectBase.cpp">
      <Filter>Source Files</Filter>
    </ClCompile>
    <ClCompile Include="Firmware\Wordclock\EffectColorBase.cpp">
      <Filter>Source Files</Filter>
    </ClCompile>
    <ClCompile Include="Firmware\Wordclock\EffectColorChangerTime.cpp">
      <Filter>Source Files</Filter>
    </ClCompile>
    <ClCompile Include="Firmware\Wordclock\EffectDefault.cpp">
      <Filter>Source Files</Filter>
    </ClCompile>
    <ClCompile Include="Firmware\Wordclock\EffectFiller.cpp">
      <Filter>Source Files</Filter>
    </ClCompile>
    <ClCompile Include="Firmware\Wordclock\EffectFlyingPixels.cpp">
      <Filter>Source Files</Filter>
    </ClCompile>
    <ClCompile Include="Firmware\Wordclock\EffectGlowing.cpp">
      <Filter>Source Files</Filter>
    </ClCompile>
    <ClCompile Include="Firmware\Wordclock\EffectTimeSlice.cpp">
      <Filter>Source Files</Filter>
    </ClCompile>
    <ClCompile Include="Firmware\Wordclock\EffectWaves.cpp">
      <Filter>Source Files</Filter>
    </ClCompile>
    <ClCompile Include="Firmware\Wordclock\GeneratorBase.cpp">
      <Filter>Source Files</Filter>
    </ClCompile>
    <ClCompile Include="Firmware\Wordclock\GeneratorGradient.cpp">
      <Filter>Source Files</Filter>
    </ClCompile>
    <ClCompile Include="Firmware\Wordclock\Marker.cpp">
      <Filter>Source Files</Filter>
    </ClCompile>
    <ClCompile Include="Firmware\Wordclock\ModeAlarm.cpp">
      <Filter>Source Files</Filter>
    </ClCompile>
    <ClCompile Include="Firmware\Wordclock\ModeBase.cpp">
      <Filter>Source Files</Filter>
    </ClCompile>
    <ClCompile Include="Firmware\Wordclock\ModeColorBase.cpp">
      <Filter>Source Files</Filter>
    </ClCompile>
    <ClCompile Include="Firmware\Wordclock\ModeColorPreset.cpp">
      <Filter>Source Files</Filter>
    </ClCompile>
    <ClCompile Include="Firmware\Wordclock\ModeEffect.cpp">
      <Filter>Source Files</Filter>
    </ClCompile>
    <ClCompile Include="Firmware\Wordclock\ModeHSV.cpp">
      <Filter>Source Files</Filter>
    </ClCompile>
    <ClCompile Include="Firmware\Wordclock\ModeListAlarms.cpp">
      <Filter>Source Files</Filter>
    </ClCompile>
    <ClCompile Include="Firmware\Wordclock\ModeRearrangeColorPreset.cpp">
      <Filter>Source Files</Filter>
    </ClCompile>
    <ClCompile Include="Firmware\Wordclock\ModeTime.cpp">
      <Filter>Source Files</Filter>
    </ClCompile>
    <ClCompile Include="Firmware\Wordclock\Painter.cpp">
      <Filter>Source Files</Filter>
    </ClCompile>
    <ClCompile Include="Firmware\Wordclock\Utilities.cpp">
      <Filter>Source Files</Filter>
    </ClCompile>
  </ItemGroup>
</Project>